# This file is autogenerated, do not edit; changes may be undone by the next 'dep ensure'.


[[projects]]
  branch = "master"
  digest = "1:1376ae7eff7cb0f47cf003d1ce49202dad343a7494e97bb6a54aff1ae5eb9397"
  name = "github.com/dnstap/golang-dnstap"
  packages = ["."]
  pruneopts = ""
  revision = "2cf77a2b5e11ac8d0ba3892772ac8e1f7b528344"

[[projects]]
  branch = "master"
  digest = "1:5458cedae21dcfc0d53ff3fce6c582e26822ae5e4b9247eaf527252b1aa78c8a"
  name = "github.com/farsightsec/golang-framestream"
  packages = ["."]
  pruneopts = ""
  revision = "d0f7ed81b7afcc56d3c1a66a0fd26a1b609675f3"

[[projects]]
  digest = "1:84b64cb974bbed3039f02472a1021fdc348bdd56080c3d467f4be9edeb33e43e"
  name = "github.com/fluent/fluent-logger-golang"
  packages = ["fluent"]
  pruneopts = ""
  revision = "7a6c9dcd7f14c2ed5d8c55c11b894e5455ee311b"
  version = "v1.4.0"

[[projects]]
  digest = "1:eb53021a8aa3f599d29c7102e65026242bdedce998a54837dc67f14b6a97c5fd"
  name = "github.com/fsnotify/fsnotify"
  packages = ["."]
  pruneopts = ""
  revision = "c2828203cd70a50dcccfb2761f8b1f8ceef9a8e9"
  version = "v1.4.7"

[[projects]]
  digest = "1:3dd078fda7500c341bc26cfbc6c6a34614f295a2457149fc1045cab767cbcf18"
  name = "github.com/golang/protobuf"
  packages = ["proto"]
  pruneopts = ""
  revision = "aa810b61a9c79d51363740d207bb46cf8e620ed5"
  version = "v1.2.0"

[[projects]]
  digest = "1:d14365c51dd1d34d5c79833ec91413bfbb166be978724f15701e17080dc06dec"
  name = "github.com/hashicorp/hcl"
  packages = [
    ".",
    "hcl/ast",
    "hcl/parser",
    "hcl/printer",
    "hcl/scanner",
    "hcl/strconv",
    "hcl/token",
    "json/parser",
    "json/scanner",
    "json/token",
  ]
  pruneopts = ""
  revision = "8cb6e5b959231cc1119e43259c4a608f9c51a241"
  version = "v1.0.0"

[[projects]]
  digest = "1:870d441fe217b8e689d7949fef6e43efbc787e50f200cb1e70dbca9204a1d6be"
  name = "github.com/inconshreveable/mousetrap"
  packages = ["."]
  pruneopts = ""
  revision = "76626ae9c91c4f2a10f34cad8ce83ea42c93bb75"
  version = "v1.0.0"

[[projects]]
  branch = "master"
  digest = "1:ddfda7447f71a341e55832d78c5573cc169f2c14afe0dcfa143bb5c7e5c606f4"
  name = "github.com/jehiah/go-strftime"
  packages = ["."]
  pruneopts = ""
  revision = "1d33003b386959af197ba96475f198c114627b5e"

[[projects]]
  digest = "1:4d0614a5d2e5e394368521b087428b2996ae95ebc4699afabc61adac9b7cec38"
  name = "github.com/klauspost/compress"
  packages = [
    "flate",
    "gzip",
    "zlib",
  ]
  pruneopts = ""
  revision = "b939724e787a27c0005cabe3f78e7ed7987ac74f"
  version = "v1.4.0"

[[projects]]
  digest = "1:f0117357f14b0a625ddbbe25e23637291ac0276402fcfd25fc447422456364ce"
  name = "github.com/klauspost/cpuid"
  packages = ["."]
  pruneopts = ""
  revision = "ae7887de9fa5d2db4eaa8174a7eff2c1ac00f2da"
  version = "v1.1"

[[projects]]
  digest = "1:6a874e3ddfb9db2b42bd8c85b6875407c702fa868eed20634ff489bc896ccfd3"
  name = "github.com/konsorten/go-windows-terminal-sequences"
  packages = ["."]
  pruneopts = ""
  revision = "5c8c8bd35d3832f5d134ae1e1e375b69a4d25242"
  version = "v1.0.1"

[[projects]]
  digest = "1:961dc3b1d11f969370533390fdf203813162980c858e1dabe827b60940c909a5"
  name = "github.com/magiconair/properties"
  packages = ["."]
  pruneopts = ""
  revision = "c2353362d570a7bfa228149c62842019201cfb71"
  version = "v1.8.0"

[[projects]]
  digest = "1:062d01205a021b0cc333b2b40666261b771d9d2fda580a446f01b9c51ab08c74"
  name = "github.com/miekg/dns"
  packages = ["."]
  pruneopts = ""
  revision = "ba6747e8a94115e9dc7738afb87850687611df1b"
  version = "v1.0.12"

[[projects]]
  digest = "1:172f0e8ac77b0a9c59da4aacd93ba3dcca5c7bc3064477e19463a491217dd869"
  name = "github.com/mimuret/dtap"
  packages = ["."]
  pruneopts = ""
  revision = "d79ca99c1f271d0940df0cfbeb1072130f76d43d"
  version = "v0.1.2"

[[projects]]
  digest = "1:bcc46a0fbd9e933087bef394871256b5c60269575bb661935874729c65bbbf60"
  name = "github.com/mitchellh/mapstructure"
  packages = ["."]
  pruneopts = ""
  revision = "3536a929edddb9a5b34bd6861dc4a9647cb459fe"
  version = "v1.1.2"

[[projects]]
  digest = "1:1abf7411185ed8dde4e62c3d3fe9f2de5ffb3a86d1fbd405177afc8a40916adf"
  name = "github.com/pelletier/go-toml"
  packages = ["."]
  pruneopts = ""
  revision = "63909f0a90ab0f36909e8e044e46ace10cf13ba2"
  version = "v1.3.0"

[[projects]]
  digest = "1:210286d0cb60ffe28f1ca00b664029e8943009f95d06d8f8c336301b28e1aee5"
  name = "github.com/philhofer/fwd"
  packages = ["."]
  pruneopts = ""
  revision = "bb6d471dc95d4fe11e432687f8b70ff496cf3136"
  version = "v1.0.0"

[[projects]]
  digest = "1:1d7e1867c49a6dd9856598ef7c3123604ea3daabf5b83f303ff457bcbc410b1d"
  name = "github.com/pkg/errors"
  packages = ["."]
  pruneopts = ""
  revision = "ba968bfe8b2f7e042a574c888954fccecfa385b4"
  version = "v0.8.1"

[[projects]]
  digest = "1:01d968ff6535945510c944983eee024e81f1c949043e9bbfe5ab206ebc3588a4"
  name = "github.com/sirupsen/logrus"
  packages = ["."]
  pruneopts = ""
  revision = "a67f783a3814b8729bd2dac5780b5f78f8dbd64d"
  version = "v1.1.0"

[[projects]]
  digest = "1:956f655c87b7255c6b1ae6c203ebb0af98cf2a13ef2507e34c9bf1c0332ac0f5"
  name = "github.com/spf13/afero"
  packages = [
    ".",
    "mem",
  ]
  pruneopts = ""
  revision = "588a75ec4f32903aa5e39a2619ba6a4631e28424"
  version = "v1.2.2"

[[projects]]
  digest = "1:ae3493c780092be9d576a1f746ab967293ec165e8473425631f06658b6212afc"
  name = "github.com/spf13/cast"
  packages = ["."]
  pruneopts = ""
  revision = "8c9545af88b134710ab1cd196795e7f2388358d7"
  version = "v1.3.0"

[[projects]]
  digest = "1:a1403cc8a94b8d7956ee5e9694badef0e7b051af289caad1cf668331e3ffa4f6"
  name = "github.com/spf13/cobra"
  packages = ["."]
  pruneopts = ""
  revision = "ef82de70bb3f60c65fb8eebacbb2d122ef517385"
  version = "v0.0.3"

[[projects]]
  digest = "1:cc15ae4fbdb02ce31f3392361a70ac041f4f02e0485de8ffac92bd8033e3d26e"
  name = "github.com/spf13/jwalterweatherman"
  packages = ["."]
  pruneopts = ""
  revision = "94f6ae3ed3bceceafa716478c5fbf8d29ca601a1"
  version = "v1.1.0"

[[projects]]
  digest = "1:cbaf13cdbfef0e4734ed8a7504f57fe893d471d62a35b982bf6fb3f036449a66"
  name = "github.com/spf13/pflag"
  packages = ["."]
  pruneopts = ""
  revision = "298182f68c66c05229eb03ac171abe6e309ee79a"
  version = "v1.0.3"

[[projects]]
  digest = "1:90fe60ab6f827e308b0c8cc1e11dce8ff1e96a927c8b171271a3cb04dd517606"
  name = "github.com/spf13/viper"
  packages = ["."]
  pruneopts = ""
  revision = "9e56dacc08fbbf8c9ee2dbc717553c758ce42bc9"
  version = "v1.3.2"

[[projects]]
  digest = "1:23ed2a28cfc147d46f7fbf4d85f83f6d659e15eac4ad1c16c4d32b19da5bd2fa"
  name = "github.com/tinylib/msgp"
  packages = ["msgp"]
  pruneopts = ""
  revision = "af6442a0fcf6e2a1b824f70dd0c734f01e817751"
  version = "v1.1.0"

[[projects]]
  digest = "1:cc4c87dc4fa2a87abd2a0901cbd8c0ca10a4a83929d62947de0ad111ab830e01"
  name = "github.com/ulikunitz/xz"
  packages = [
    ".",
    "internal/hash",
    "internal/xlog",
    "lzma",
  ]
  pruneopts = ""
  revision = "6f934d456d51e742b4eeab20d925a827ef22320a"
  version = "v0.5.6"

[[projects]]
  digest = "1:857a9ecd5cb13379ecc8f798f6e6b6b574c98b9355657d91e068275f1120aaf7"
  name = "github.com/valyala/bytebufferpool"
  packages = ["."]
  pruneopts = ""
  revision = "e746df99fe4a3986f4d4f79e13c1e0117ce9c2f7"
  version = "v1.0.0"

[[projects]]
  digest = "1:ed95b0b73de30dc5507de18b0cd6a2b79dc0ef685eefeb27fd1386f7a4e04f2b"
  name = "github.com/valyala/fasthttp"
  packages = [
    ".",
    "fasthttputil",
    "stackless",
  ]
  pruneopts = ""
  revision = "e5f51c11919d4f66400334047b897ef0a94c6f3c"
  version = "v20180529"

[[projects]]
  branch = "master"
  digest = "1:6914c49eed986dfb8dffb33516fa129c49929d4d873f41e073c83c11c372b870"
  name = "golang.org/x/crypto"
  packages = [
    "ed25519",
    "ed25519/internal/edwards25519",
    "ssh/terminal",
  ]
  pruneopts = ""
  revision = "e3636079e1a4c1f337f212cc5cd2aca108f6c900"

[[projects]]
  branch = "master"
  digest = "1:3a3c1b660248c0ec25f00cfb9c6526bd5b0ede4c8bfa2ed56a3f5e7e9d0a19cd"
  name = "golang.org/x/net"
  packages = [
    "bpf",
    "internal/iana",
    "internal/socket",
    "ipv4",
    "ipv6",
  ]
  pruneopts = ""
  revision = "146acd28ed5894421fb5aac80ca93bc1b1f46f87"

[[projects]]
  branch = "master"
  digest = "1:a4bda6e065eb3ccf1e6adeaa863cb416e0ae6b43e613f20a8931d52d19dc20e2"
  name = "golang.org/x/sys"
  packages = [
    "unix",
    "windows",
  ]
  pruneopts = ""
  revision = "4497e2df6f9e69048a54498c7affbbec3294ad47"

[[projects]]
  digest = "1:5acd3512b047305d49e8763eef7ba423901e85d5dd2fd1e71778a0ea8de10bd4"
  name = "golang.org/x/text"
  packages = [
    "internal/gen",
    "internal/triegen",
    "internal/ucd",
    "transform",
    "unicode/cldr",
    "unicode/norm",
  ]
  pruneopts = ""
  revision = "f21a4dfb5e38f5895301dc265a8def02365cc3d0"
  version = "v0.3.0"

[[projects]]
  digest = "1:cedccf16b71e86db87a24f8d4c70b0a855872eb967cb906a66b95de56aefbd0d"
  name = "gopkg.in/yaml.v2"
  packages = ["."]
  pruneopts = ""
  revision = "51d6538a90f86fe93ac480b35f37b2be17fef232"
  version = "v2.2.2"

[solve-meta]
  analyzer-name = "dep"
  analyzer-version = 1
  input-imports = [
    "github.com/dnstap/golang-dnstap",
    "github.com/golang/protobuf/proto",
    "github.com/miekg/dns",
    "github.com/mimuret/dtap",
    "github.com/sirupsen/logrus",
    "github.com/spf13/cobra",
    "github.com/valyala/fasthttp",
  ]
  solver-name = "gps-cdcl"
  solver-version = 1
