# This file is autogenerated, do not edit; changes may be undone by the next 'dep ensure'.


[[projects]]
  branch = "master"
  digest = "1:1376ae7eff7cb0f47cf003d1ce49202dad343a7494e97bb6a54aff1ae5eb9397"
  name = "github.com/dnstap/golang-dnstap"
  packages = ["."]
  pruneopts = ""
  revision = "2cf77a2b5e11ac8d0ba3892772ac8e1f7b528344"

[[projects]]
  branch = "master"
  digest = "1:5458cedae21dcfc0d53ff3fce6c582e26822ae5e4b9247eaf527252b1aa78c8a"
  name = "github.com/farsightsec/golang-framestream"
  packages = ["."]
  pruneopts = ""
  revision = "d0f7ed81b7afcc56d3c1a66a0fd26a1b609675f3"

[[projects]]
  digest = "1:3dd078fda7500c341bc26cfbc6c6a34614f295a2457149fc1045cab767cbcf18"
  name = "github.com/golang/protobuf"
  packages = ["proto"]
  pruneopts = ""
  revision = "aa810b61a9c79d51363740d207bb46cf8e620ed5"
  version = "v1.2.0"

[[projects]]
  digest = "1:870d441fe217b8e689d7949fef6e43efbc787e50f200cb1e70dbca9204a1d6be"
  name = "github.com/inconshreveable/mousetrap"
  packages = ["."]
  pruneopts = ""
  revision = "76626ae9c91c4f2a10f34cad8ce83ea42c93bb75"
  version = "v1.0.0"

[[projects]]
  digest = "1:4d0614a5d2e5e394368521b087428b2996ae95ebc4699afabc61adac9b7cec38"
  name = "github.com/klauspost/compress"
  packages = [
    "flate",
    "gzip",
    "zlib",
  ]
  pruneopts = ""
  revision = "b939724e787a27c0005cabe3f78e7ed7987ac74f"
  version = "v1.4.0"

[[projects]]
  digest = "1:f0117357f14b0a625ddbbe25e23637291ac0276402fcfd25fc447422456364ce"
  name = "github.com/klauspost/cpuid"
  packages = ["."]
  pruneopts = ""
  revision = "ae7887de9fa5d2db4eaa8174a7eff2c1ac00f2da"
  version = "v1.1"

[[projects]]
  digest = "1:6a874e3ddfb9db2b42bd8c85b6875407c702fa868eed20634ff489bc896ccfd3"
  name = "github.com/konsorten/go-windows-terminal-sequences"
  packages = ["."]
  pruneopts = ""
  revision = "5c8c8bd35d3832f5d134ae1e1e375b69a4d25242"
  version = "v1.0.1"

[[projects]]
  digest = "1:062d01205a021b0cc333b2b40666261b771d9d2fda580a446f01b9c51ab08c74"
  name = "github.com/miekg/dns"
  packages = ["."]
  pruneopts = ""
  revision = "ba6747e8a94115e9dc7738afb87850687611df1b"
  version = "v1.0.12"

[[projects]]
  digest = "1:01d968ff6535945510c944983eee024e81f1c949043e9bbfe5ab206ebc3588a4"
  name = "github.com/sirupsen/logrus"
  packages = ["."]
  pruneopts = ""
  revision = "a67f783a3814b8729bd2dac5780b5f78f8dbd64d"
  version = "v1.1.0"

[[projects]]
  digest = "1:a1403cc8a94b8d7956ee5e9694badef0e7b051af289caad1cf668331e3ffa4f6"
  name = "github.com/spf13/cobra"
  packages = ["."]
  pruneopts = ""
  revision = "ef82de70bb3f60c65fb8eebacbb2d122ef517385"
  version = "v0.0.3"

[[projects]]
  digest = "1:cbaf13cdbfef0e4734ed8a7504f57fe893d471d62a35b982bf6fb3f036449a66"
  name = "github.com/spf13/pflag"
  packages = ["."]
  pruneopts = ""
  revision = "298182f68c66c05229eb03ac171abe6e309ee79a"
  version = "v1.0.3"

[[projects]]
  digest = "1:857a9ecd5cb13379ecc8f798f6e6b6b574c98b9355657d91e068275f1120aaf7"
  name = "github.com/valyala/bytebufferpool"
  packages = ["."]
  pruneopts = ""
  revision = "e746df99fe4a3986f4d4f79e13c1e0117ce9c2f7"
  version = "v1.0.0"

[[projects]]
  digest = "1:ed95b0b73de30dc5507de18b0cd6a2b79dc0ef685eefeb27fd1386f7a4e04f2b"
  name = "github.com/valyala/fasthttp"
  packages = [
    ".",
    "fasthttputil",
    "stackless",
  ]
  pruneopts = ""
  revision = "e5f51c11919d4f66400334047b897ef0a94c6f3c"
  version = "v20180529"

[[projects]]
  branch = "master"
  digest = "1:6914c49eed986dfb8dffb33516fa129c49929d4d873f41e073c83c11c372b870"
  name = "golang.org/x/crypto"
  packages = [
    "ed25519",
    "ed25519/internal/edwards25519",
    "ssh/terminal",
  ]
  pruneopts = ""
  revision = "e3636079e1a4c1f337f212cc5cd2aca108f6c900"

[[projects]]
  branch = "master"
  digest = "1:3a3c1b660248c0ec25f00cfb9c6526bd5b0ede4c8bfa2ed56a3f5e7e9d0a19cd"
  name = "golang.org/x/net"
  packages = [
    "bpf",
    "internal/iana",
    "internal/socket",
    "ipv4",
    "ipv6",
  ]
  pruneopts = ""
  revision = "146acd28ed5894421fb5aac80ca93bc1b1f46f87"

[[projects]]
  branch = "master"
  digest = "1:a4bda6e065eb3ccf1e6adeaa863cb416e0ae6b43e613f20a8931d52d19dc20e2"
  name = "golang.org/x/sys"
  packages = [
    "unix",
    "windows",
  ]
  pruneopts = ""
  revision = "4497e2df6f9e69048a54498c7affbbec3294ad47"

[solve-meta]
  analyzer-name = "dep"
  analyzer-version = 1
  input-imports = [
    "github.com/dnstap/golang-dnstap",
    "github.com/farsightsec/golang-framestream",
    "github.com/golang/protobuf/proto",
    "github.com/miekg/dns",
    "github.com/sirupsen/logrus",
    "github.com/spf13/cobra",
    "github.com/valyala/fasthttp",
  ]
  solver-name = "gps-cdcl"
  solver-version = 1
